// !$*UTF8*$!
{
	archiveVersion = 1;
	classes = {
	};
	objectVersion = 56;
	objects = {

/* Begin PBXBuildFile section */
		12BF63F52AE04ACE008AB07B /* AppDelegate.swift in Sources */ = {isa = PBXBuildFile; fileRef = 12BF63F42AE04ACE008AB07B /* AppDelegate.swift */; };
		12BF63F72AE04ACE008AB07B /* SceneDelegate.swift in Sources */ = {isa = PBXBuildFile; fileRef = 12BF63F62AE04ACE008AB07B /* SceneDelegate.swift */; };
		12BF63F92AE04ACE008AB07B /* ViewController.swift in Sources */ = {isa = PBXBuildFile; fileRef = 12BF63F82AE04ACE008AB07B /* ViewController.swift */; };
		12BF63FC2AE04ACE008AB07B /* Main.storyboard in Resources */ = {isa = PBXBuildFile; fileRef = 12BF63FA2AE04ACE008AB07B /* Main.storyboard */; };
		12BF63FE2AE04ACE008AB07B /* Assets.xcassets in Resources */ = {isa = PBXBuildFile; fileRef = 12BF63FD2AE04ACE008AB07B /* Assets.xcassets */; };
		12BF64012AE04ACE008AB07B /* LaunchScreen.storyboard in Resources */ = {isa = PBXBuildFile; fileRef = 12BF63FF2AE04ACE008AB07B /* LaunchScreen.storyboard */; };
		12BF640C2AE04ACF008AB07B /* CounterTests.swift in Sources */ = {isa = PBXBuildFile; fileRef = 12BF640B2AE04ACF008AB07B /* CounterTests.swift */; };
		12BF64162AE04ACF008AB07B /* CounterUITests.swift in Sources */ = {isa = PBXBuildFile; fileRef = 12BF64152AE04ACF008AB07B /* CounterUITests.swift */; };
		12BF64182AE04ACF008AB07B /* CounterUITestsLaunchTests.swift in Sources */ = {isa = PBXBuildFile; fileRef = 12BF64172AE04ACF008AB07B /* CounterUITestsLaunchTests.swift */; };
/* End PBXBuildFile section */

/* Begin PBXContainerItemProxy section */
		12BF64082AE04ACF008AB07B /* PBXContainerItemProxy */ = {
			isa = PBXContainerItemProxy;
			containerPortal = 12BF63E92AE04ACE008AB07B /* Project object */;
			proxyType = 1;
			remoteGlobalIDString = 12BF63F02AE04ACE008AB07B;
			remoteInfo = Counter;
		};
		12BF64122AE04ACF008AB07B /* PBXContainerItemProxy */ = {
			isa = PBXContainerItemProxy;
			containerPortal = 12BF63E92AE04ACE008AB07B /* Project object */;
			proxyType = 1;
			remoteGlobalIDString = 12BF63F02AE04ACE008AB07B;
			remoteInfo = Counter;
		};
/* End PBXContainerItemProxy section */

/* Begin PBXFileReference section */
		12BF63F12AE04ACE008AB07B /* Counter.app */ = {isa = PBXFileReference; explicitFileType = wrapper.application; includeInIndex = 0; path = Counter.app; sourceTree = BUILT_PRODUCTS_DIR; };
		12BF63F42AE04ACE008AB07B /* AppDelegate.swift */ = {isa = PBXFileReference; lastKnownFileType = sourcecode.swift; path = AppDelegate.swift; sourceTree = "<group>"; };
		12BF63F62AE04ACE008AB07B /* SceneDelegate.swift */ = {isa = PBXFileReference; lastKnownFileType = sourcecode.swift; path = SceneDelegate.swift; sourceTree = "<group>"; };
		12BF63F82AE04ACE008AB07B /* ViewController.swift */ = {isa = PBXFileReference; lastKnownFileType = sourcecode.swift; path = ViewController.swift; sourceTree = "<group>"; };
		12BF63FB2AE04ACE008AB07B /* Base */ = {isa = PBXFileReference; lastKnownFileType = file.storyboard; name = Base; path = Base.lproj/Main.storyboard; sourceTree = "<group>"; };
		12BF63FD2AE04ACE008AB07B /* Assets.xcassets */ = {isa = PBXFileReference; lastKnownFileType = folder.assetcatalog; path = Assets.xcassets; sourceTree = "<group>"; };
		12BF64002AE04ACE008AB07B /* Base */ = {isa = PBXFileReference; lastKnownFileType = file.storyboard; name = Base; path = Base.lproj/LaunchScreen.storyboard; sourceTree = "<group>"; };
		12BF64022AE04ACE008AB07B /* Info.plist */ = {isa = PBXFileReference; lastKnownFileType = text.plist.xml; path = Info.plist; sourceTree = "<group>"; };
		12BF64072AE04ACF008AB07B /* CounterTests.xctest */ = {isa = PBXFileReference; explicitFileType = wrapper.cfbundle; includeInIndex = 0; path = CounterTests.xctest; sourceTree = BUILT_PRODUCTS_DIR; };
		12BF640B2AE04ACF008AB07B /* CounterTests.swift */ = {isa = PBXFileReference; lastKnownFileType = sourcecode.swift; path = CounterTests.swift; sourceTree = "<group>"; };
		12BF64112AE04ACF008AB07B /* CounterUITests.xctest */ = {isa = PBXFileReference; explicitFileType = wrapper.cfbundle; includeInIndex = 0; path = CounterUITests.xctest; sourceTree = BUILT_PRODUCTS_DIR; };
		12BF64152AE04ACF008AB07B /* CounterUITests.swift */ = {isa = PBXFileReference; lastKnownFileType = sourcecode.swift; path = CounterUITests.swift; sourceTree = "<group>"; };
		12BF64172AE04ACF008AB07B /* CounterUITestsLaunchTests.swift */ = {isa = PBXFileReference; lastKnownFileType = sourcecode.swift; path = CounterUITestsLaunchTests.swift; sourceTree = "<group>"; };
/* End PBXFileReference section */

/* Begin PBXFrameworksBuildPhase section */
		12BF63EE2AE04ACE008AB07B /* Frameworks */ = {
			isa = PBXFrameworksBuildPhase;
			buildActionMask = 2147483647;
			files = (
			);
			runOnlyForDeploymentPostprocessing = 0;
		};
		12BF64042AE04ACF008AB07B /* Frameworks */ = {
			isa = PBXFrameworksBuildPhase;
			buildActionMask = 2147483647;
			files = (
			);
			runOnlyForDeploymentPostprocessing = 0;
		};
		12BF640E2AE04ACF008AB07B /* Frameworks */ = {
			isa = PBXFrameworksBuildPhase;
			buildActionMask = 2147483647;
			files = (
			);
			runOnlyForDeploymentPostprocessing = 0;
		};
/* End PBXFrameworksBuildPhase section */

/* Begin PBXGroup section */
		12BF63E82AE04ACE008AB07B = {
			isa = PBXGroup;
			children = (
				12BF63F32AE04ACE008AB07B /* Counter */,
				12BF640A2AE04ACF008AB07B /* CounterTests */,
				12BF64142AE04ACF008AB07B /* CounterUITests */,
				12BF63F22AE04ACE008AB07B /* Products */,
			);
			sourceTree = "<group>";
		};
		12BF63F22AE04ACE008AB07B /* Products */ = {
			isa = PBXGroup;
			children = (
				12BF63F12AE04ACE008AB07B /* Counter.app */,
				12BF64072AE04ACF008AB07B /* CounterTests.xctest */,
				12BF64112AE04ACF008AB07B /* CounterUITests.xctest */,
			);
			name = Products;
			sourceTree = "<group>";
		};
		12BF63F32AE04ACE008AB07B /* Counter */ = {
			isa = PBXGroup;
			children = (
				12BF63F42AE04ACE008AB07B /* AppDelegate.swift */,
				12BF63F62AE04ACE008AB07B /* SceneDelegate.swift */,
				12BF63F82AE04ACE008AB07B /* ViewController.swift */,
				12BF63FA2AE04ACE008AB07B /* Main.storyboard */,
				12BF63FD2AE04ACE008AB07B /* Assets.xcassets */,
				12BF63FF2AE04ACE008AB07B /* LaunchScreen.storyboard */,
				12BF64022AE04ACE008AB07B /* Info.plist */,
			);
			path = Counter;
			sourceTree = "<group>";
		};
		12BF640A2AE04ACF008AB07B /* CounterTests */ = {
			isa = PBXGroup;
			children = (
				12BF640B2AE04ACF008AB07B /* CounterTests.swift */,
			);
			path = CounterTests;
			sourceTree = "<group>";
		};
		12BF64142AE04ACF008AB07B /* CounterUITests */ = {
			isa = PBXGroup;
			children = (
				12BF64152AE04ACF008AB07B /* CounterUITests.swift */,
				12BF64172AE04ACF008AB07B /* CounterUITestsLaunchTests.swift */,
			);
			path = CounterUITests;
			sourceTree = "<group>";
		};
/* End PBXGroup section */

/* Begin PBXNativeTarget section */
		12BF63F02AE04ACE008AB07B /* Counter */ = {
			isa = PBXNativeTarget;
			buildConfigurationList = 12BF641B2AE04ACF008AB07B /* Build configuration list for PBXNativeTarget "Counter" */;
			buildPhases = (
				12BF63ED2AE04ACE008AB07B /* Sources */,
				12BF63EE2AE04ACE008AB07B /* Frameworks */,
				12BF63EF2AE04ACE008AB07B /* Resources */,
			);
			buildRules = (
			);
			dependencies = (
			);
			name = Counter;
			productName = Counter;
			productReference = 12BF63F12AE04ACE008AB07B /* Counter.app */;
			productType = "com.apple.product-type.application";
		};
		12BF64062AE04ACF008AB07B /* CounterTests */ = {
			isa = PBXNativeTarget;
			buildConfigurationList = 12BF641E2AE04ACF008AB07B /* Build configuration list for PBXNativeTarget "CounterTests" */;
			buildPhases = (
				12BF64032AE04ACF008AB07B /* Sources */,
				12BF64042AE04ACF008AB07B /* Frameworks */,
				12BF64052AE04ACF008AB07B /* Resources */,
			);
			buildRules = (
			);
			dependencies = (
				12BF64092AE04ACF008AB07B /* PBXTargetDependency */,
			);
			name = CounterTests;
			productName = CounterTests;
			productReference = 12BF64072AE04ACF008AB07B /* CounterTests.xctest */;
			productType = "com.apple.product-type.bundle.unit-test";
		};
		12BF64102AE04ACF008AB07B /* CounterUITests */ = {
			isa = PBXNativeTarget;
			buildConfigurationList = 12BF64212AE04ACF008AB07B /* Build configuration list for PBXNativeTarget "CounterUITests" */;
			buildPhases = (
				12BF640D2AE04ACF008AB07B /* Sources */,
				12BF640E2AE04ACF008AB07B /* Frameworks */,
				12BF640F2AE04ACF008AB07B /* Resources */,
			);
			buildRules = (
			);
			dependencies = (
				12BF64132AE04ACF008AB07B /* PBXTargetDependency */,
			);
			name = CounterUITests;
			productName = CounterUITests;
			productReference = 12BF64112AE04ACF008AB07B /* CounterUITests.xctest */;
			productType = "com.apple.product-type.bundle.ui-testing";
		};
/* End PBXNativeTarget section */

/* Begin PBXProject section */
		12BF63E92AE04ACE008AB07B /* Project object */ = {
			isa = PBXProject;
			attributes = {
				BuildIndependentTargetsInParallel = 1;
				LastSwiftUpdateCheck = 1500;
				LastUpgradeCheck = 1500;
				TargetAttributes = {
					12BF63F02AE04ACE008AB07B = {
						CreatedOnToolsVersion = 15.0;
					};
					12BF64062AE04ACF008AB07B = {
						CreatedOnToolsVersion = 15.0;
						TestTargetID = 12BF63F02AE04ACE008AB07B;
					};
					12BF64102AE04ACF008AB07B = {
						CreatedOnToolsVersion = 15.0;
						TestTargetID = 12BF63F02AE04ACE008AB07B;
					};
				};
			};
			buildConfigurationList = 12BF63EC2AE04ACE008AB07B /* Build configuration list for PBXProject "Counter" */;
			compatibilityVersion = "Xcode 14.0";
			developmentRegion = en;
			hasScannedForEncodings = 0;
			knownRegions = (
				en,
				Base,
			);
			mainGroup = 12BF63E82AE04ACE008AB07B;
			productRefGroup = 12BF63F22AE04ACE008AB07B /* Products */;
			projectDirPath = "";
			projectRoot = "";
			targets = (
				12BF63F02AE04ACE008AB07B /* Counter */,
				12BF64062AE04ACF008AB07B /* CounterTests */,
				12BF64102AE04ACF008AB07B /* CounterUITests */,
			);
		};
/* End PBXProject section */

/* Begin PBXResourcesBuildPhase section */
		12BF63EF2AE04ACE008AB07B /* Resources */ = {
			isa = PBXResourcesBuildPhase;
			buildActionMask = 2147483647;
			files = (
				12BF64012AE04ACE008AB07B /* LaunchScreen.storyboard in Resources */,
				12BF63FE2AE04ACE008AB07B /* Assets.xcassets in Resources */,
				12BF63FC2AE04ACE008AB07B /* Main.storyboard in Resources */,
			);
			runOnlyForDeploymentPostprocessing = 0;
		};
		12BF64052AE04ACF008AB07B /* Resources */ = {
			isa = PBXResourcesBuildPhase;
			buildActionMask = 2147483647;
			files = (
			);
			runOnlyForDeploymentPostprocessing = 0;
		};
		12BF640F2AE04ACF008AB07B /* Resources */ = {
			isa = PBXResourcesBuildPhase;
			buildActionMask = 2147483647;
			files = (
			);
			runOnlyForDeploymentPostprocessing = 0;
		};
/* End PBXResourcesBuildPhase section */

/* Begin PBXSourcesBuildPhase section */
		12BF63ED2AE04ACE008AB07B /* Sources */ = {
			isa = PBXSourcesBuildPhase;
			buildActionMask = 2147483647;
			files = (
				12BF63F92AE04ACE008AB07B /* ViewController.swift in Sources */,
				12BF63F52AE04ACE008AB07B /* AppDelegate.swift in Sources */,
				12BF63F72AE04ACE008AB07B /* SceneDelegate.swift in Sources */,
			);
			runOnlyForDeploymentPostprocessing = 0;
		};
		12BF64032AE04ACF008AB07B /* Sources */ = {
			isa = PBXSourcesBuildPhase;
			buildActionMask = 2147483647;
			files = (
				12BF640C2AE04ACF008AB07B /* CounterTests.swift in Sources */,
			);
			runOnlyForDeploymentPostprocessing = 0;
		};
		12BF640D2AE04ACF008AB07B /* Sources */ = {
			isa = PBXSourcesBuildPhase;
			buildActionMask = 2147483647;
			files = (
				12BF64162AE04ACF008AB07B /* CounterUITests.swift in Sources */,
				12BF64182AE04ACF008AB07B /* CounterUITestsLaunchTests.swift in Sources */,
			);
			runOnlyForDeploymentPostprocessing = 0;
		};
/* End PBXSourcesBuildPhase section */

/* Begin PBXTargetDependency section */
		12BF64092AE04ACF008AB07B /* PBXTargetDependency */ = {
			isa = PBXTargetDependency;
			target = 12BF63F02AE04ACE008AB07B /* Counter */;
			targetProxy = 12BF64082AE04ACF008AB07B /* PBXContainerItemProxy */;
		};
		12BF64132AE04ACF008AB07B /* PBXTargetDependency */ = {
			isa = PBXTargetDependency;
			target = 12BF63F02AE04ACE008AB07B /* Counter */;
			targetProxy = 12BF64122AE04ACF008AB07B /* PBXContainerItemProxy */;
		};
/* End PBXTargetDependency section */

/* Begin PBXVariantGroup section */
		12BF63FA2AE04ACE008AB07B /* Main.storyboard */ = {
			isa = PBXVariantGroup;
			children = (
				12BF63FB2AE04ACE008AB07B /* Base */,
			);
			name = Main.storyboard;
			sourceTree = "<group>";
		};
		12BF63FF2AE04ACE008AB07B /* LaunchScreen.storyboard */ = {
			isa = PBXVariantGroup;
			children = (
				12BF64002AE04ACE008AB07B /* Base */,
			);
			name = LaunchScreen.storyboard;
			sourceTree = "<group>";
		};
/* End PBXVariantGroup section */

/* Begin XCBuildConfiguration section */
		12BF64192AE04ACF008AB07B /* Debug */ = {
			isa = XCBuildConfiguration;
			buildSettings = {
				ALWAYS_SEARCH_USER_PATHS = NO;
				ASSETCATALOG_COMPILER_GENERATE_SWIFT_ASSET_SYMBOL_EXTENSIONS = YES;
				CLANG_ANALYZER_NONNULL = YES;
				CLANG_ANALYZER_NUMBER_OBJECT_CONVERSION = YES_AGGRESSIVE;
				CLANG_CXX_LANGUAGE_STANDARD = "gnu++20";
				CLANG_ENABLE_MODULES = YES;
				CLANG_ENABLE_OBJC_ARC = YES;
				CLANG_ENABLE_OBJC_WEAK = YES;
				CLANG_WARN_BLOCK_CAPTURE_AUTORELEASING = YES;
				CLANG_WARN_BOOL_CONVERSION = YES;
				CLANG_WARN_COMMA = YES;
				CLANG_WARN_CONSTANT_CONVERSION = YES;
				CLANG_WARN_DEPRECATED_OBJC_IMPLEMENTATIONS = YES;
				CLANG_WARN_DIRECT_OBJC_ISA_USAGE = YES_ERROR;
				CLANG_WARN_DOCUMENTATION_COMMENTS = YES;
				CLANG_WARN_EMPTY_BODY = YES;
				CLANG_WARN_ENUM_CONVERSION = YES;
				CLANG_WARN_INFINITE_RECURSION = YES;
				CLANG_WARN_INT_CONVERSION = YES;
				CLANG_WARN_NON_LITERAL_NULL_CONVERSION = YES;
				CLANG_WARN_OBJC_IMPLICIT_RETAIN_SELF = YES;
				CLANG_WARN_OBJC_LITERAL_CONVERSION = YES;
				CLANG_WARN_OBJC_ROOT_CLASS = YES_ERROR;
				CLANG_WARN_QUOTED_INCLUDE_IN_FRAMEWORK_HEADER = YES;
				CLANG_WARN_RANGE_LOOP_ANALYSIS = YES;
				CLANG_WARN_STRICT_PROTOTYPES = YES;
				CLANG_WARN_SUSPICIOUS_MOVE = YES;
				CLANG_WARN_UNGUARDED_AVAILABILITY = YES_AGGRESSIVE;
				CLANG_WARN_UNREACHABLE_CODE = YES;
				CLANG_WARN__DUPLICATE_METHOD_MATCH = YES;
				COPY_PHASE_STRIP = NO;
				DEBUG_INFORMATION_FORMAT = dwarf;
				ENABLE_STRICT_OBJC_MSGSEND = YES;
				ENABLE_TESTABILITY = YES;
				ENABLE_USER_SCRIPT_SANDBOXING = YES;
				GCC_C_LANGUAGE_STANDARD = gnu17;
				GCC_DYNAMIC_NO_PIC = NO;
				GCC_NO_COMMON_BLOCKS = YES;
				GCC_OPTIMIZATION_LEVEL = 0;
				GCC_PREPROCESSOR_DEFINITIONS = (
					"DEBUG=1",
					"$(inherited)",
				);
				GCC_WARN_64_TO_32_BIT_CONVERSION = YES;
				GCC_WARN_ABOUT_RETURN_TYPE = YES_ERROR;
				GCC_WARN_UNDECLARED_SELECTOR = YES;
				GCC_WARN_UNINITIALIZED_AUTOS = YES_AGGRESSIVE;
				GCC_WARN_UNUSED_FUNCTION = YES;
				GCC_WARN_UNUSED_VARIABLE = YES;
				IPHONEOS_DEPLOYMENT_TARGET = 17.0;
				LOCALIZATION_PREFERS_STRING_CATALOGS = YES;
				MTL_ENABLE_DEBUG_INFO = INCLUDE_SOURCE;
				MTL_FAST_MATH = YES;
				ONLY_ACTIVE_ARCH = YES;
				SDKROOT = iphoneos;
				SWIFT_ACTIVE_COMPILATION_CONDITIONS = "DEBUG $(inherited)";
				SWIFT_OPTIMIZATION_LEVEL = "-Onone";
			};
			name = Debug;
		};
		12BF641A2AE04ACF008AB07B /* Release */ = {
			isa = XCBuildConfiguration;
			buildSettings = {
				ALWAYS_SEARCH_USER_PATHS = NO;
				ASSETCATALOG_COMPILER_GENERATE_SWIFT_ASSET_SYMBOL_EXTENSIONS = YES;
				CLANG_ANALYZER_NONNULL = YES;
				CLANG_ANALYZER_NUMBER_OBJECT_CONVERSION = YES_AGGRESSIVE;
				CLANG_CXX_LANGUAGE_STANDARD = "gnu++20";
				CLANG_ENABLE_MODULES = YES;
				CLANG_ENABLE_OBJC_ARC = YES;
				CLANG_ENABLE_OBJC_WEAK = YES;
				CLANG_WARN_BLOCK_CAPTURE_AUTORELEASING = YES;
				CLANG_WARN_BOOL_CONVERSION = YES;
				CLANG_WARN_COMMA = YES;
				CLANG_WARN_CONSTANT_CONVERSION = YES;
				CLANG_WARN_DEPRECATED_OBJC_IMPLEMENTATIONS = YES;
				CLANG_WARN_DIRECT_OBJC_ISA_USAGE = YES_ERROR;
				CLANG_WARN_DOCUMENTATION_COMMENTS = YES;
				CLANG_WARN_EMPTY_BODY = YES;
				CLANG_WARN_ENUM_CONVERSION = YES;
				CLANG_WARN_INFINITE_RECURSION = YES;
				CLANG_WARN_INT_CONVERSION = YES;
				CLANG_WARN_NON_LITERAL_NULL_CONVERSION = YES;
				CLANG_WARN_OBJC_IMPLICIT_RETAIN_SELF = YES;
				CLANG_WARN_OBJC_LITERAL_CONVERSION = YES;
				CLANG_WARN_OBJC_ROOT_CLASS = YES_ERROR;
				CLANG_WARN_QUOTED_INCLUDE_IN_FRAMEWORK_HEADER = YES;
				CLANG_WARN_RANGE_LOOP_ANALYSIS = YES;
				CLANG_WARN_STRICT_PROTOTYPES = YES;
				CLANG_WARN_SUSPICIOUS_MOVE = YES;
				CLANG_WARN_UNGUARDED_AVAILABILITY = YES_AGGRESSIVE;
				CLANG_WARN_UNREACHABLE_CODE = YES;
				CLANG_WARN__DUPLICATE_METHOD_MATCH = YES;
				COPY_PHASE_STRIP = NO;
				DEBUG_INFORMATION_FORMAT = "dwarf-with-dsym";
				ENABLE_NS_ASSERTIONS = NO;
				ENABLE_STRICT_OBJC_MSGSEND = YES;
				ENABLE_USER_SCRIPT_SANDBOXING = YES;
				GCC_C_LANGUAGE_STANDARD = gnu17;
				GCC_NO_COMMON_BLOCKS = YES;
				GCC_WARN_64_TO_32_BIT_CONVERSION = YES;
				GCC_WARN_ABOUT_RETURN_TYPE = YES_ERROR;
				GCC_WARN_UNDECLARED_SELECTOR = YES;
				GCC_WARN_UNINITIALIZED_AUTOS = YES_AGGRESSIVE;
				GCC_WARN_UNUSED_FUNCTION = YES;
				GCC_WARN_UNUSED_VARIABLE = YES;
				IPHONEOS_DEPLOYMENT_TARGET = 17.0;
				LOCALIZATION_PREFERS_STRING_CATALOGS = YES;
				MTL_ENABLE_DEBUG_INFO = NO;
				MTL_FAST_MATH = YES;
				SDKROOT = iphoneos;
				SWIFT_COMPILATION_MODE = wholemodule;
				VALIDATE_PRODUCT = YES;
			};
			name = Release;
		};
		12BF641C2AE04ACF008AB07B /* Debug */ = {
			isa = XCBuildConfiguration;
			buildSettings = {
				ASSETCATALOG_COMPILER_APPICON_NAME = AppIcon;
				ASSETCATALOG_COMPILER_GLOBAL_ACCENT_COLOR_NAME = AccentColor;
				CODE_SIGN_STYLE = Automatic;
				CURRENT_PROJECT_VERSION = 1;
				DEVELOPMENT_TEAM = 83W9YR2F63;
				GENERATE_INFOPLIST_FILE = YES;
				INFOPLIST_FILE = Counter/Info.plist;
				INFOPLIST_KEY_UIApplicationSupportsIndirectInputEvents = YES;
				INFOPLIST_KEY_UILaunchStoryboardName = LaunchScreen;
				INFOPLIST_KEY_UIMainStoryboardFile = Main;
				INFOPLIST_KEY_UISupportedInterfaceOrientations_iPad = "UIInterfaceOrientationPortrait UIInterfaceOrientationPortraitUpsideDown UIInterfaceOrientationLandscapeLeft UIInterfaceOrientationLandscapeRight";
				INFOPLIST_KEY_UISupportedInterfaceOrientations_iPhone = "UIInterfaceOrientationPortrait UIInterfaceOrientationLandscapeLeft UIInterfaceOrientationLandscapeRight";
				LD_RUNPATH_SEARCH_PATHS = (
					"$(inherited)",
					"@executable_path/Frameworks",
				);
				MARKETING_VERSION = 1.0;
				PRODUCT_BUNDLE_IDENTIFIER = TimBulokhov.Counter;
				PRODUCT_NAME = "$(TARGET_NAME)";
				SWIFT_EMIT_LOC_STRINGS = YES;
				SWIFT_VERSION = 5.0;
				TARGETED_DEVICE_FAMILY = "1,2";
			};
			name = Debug;
		};
		12BF641D2AE04ACF008AB07B /* Release */ = {
			isa = XCBuildConfiguration;
			buildSettings = {
				ASSETCATALOG_COMPILER_APPICON_NAME = AppIcon;
				ASSETCATALOG_COMPILER_GLOBAL_ACCENT_COLOR_NAME = AccentColor;
				CODE_SIGN_STYLE = Automatic;
				CURRENT_PROJECT_VERSION = 1;
				DEVELOPMENT_TEAM = 83W9YR2F63;
				GENERATE_INFOPLIST_FILE = YES;
				INFOPLIST_FILE = Counter/Info.plist;
				INFOPLIST_KEY_UIApplicationSupportsIndirectInputEvents = YES;
				INFOPLIST_KEY_UILaunchStoryboardName = LaunchScreen;
				INFOPLIST_KEY_UIMainStoryboardFile = Main;
				INFOPLIST_KEY_UISupportedInterfaceOrientations_iPad = "UIInterfaceOrientationPortrait UIInterfaceOrientationPortraitUpsideDown UIInterfaceOrientationLandscapeLeft UIInterfaceOrientationLandscapeRight";
				INFOPLIST_KEY_UISupportedInterfaceOrientations_iPhone = "UIInterfaceOrientationPortrait UIInterfaceOrientationLandscapeLeft UIInterfaceOrientationLandscapeRight";
				LD_RUNPATH_SEARCH_PATHS = (
					"$(inherited)",
					"@executable_path/Frameworks",
				);
				MARKETING_VERSION = 1.0;
				PRODUCT_BUNDLE_IDENTIFIER = TimBulokhov.Counter;
				PRODUCT_NAME = "$(TARGET_NAME)";
				SWIFT_EMIT_LOC_STRINGS = YES;
				SWIFT_VERSION = 5.0;
				TARGETED_DEVICE_FAMILY = "1,2";
			};
			name = Release;
		};
		12BF641F2AE04ACF008AB07B /* Debug */ = {
			isa = XCBuildConfiguration;
			buildSettings = {
				ALWAYS_EMBED_SWIFT_STANDARD_LIBRARIES = YES;
				BUNDLE_LOADER = "$(TEST_HOST)";
				CODE_SIGN_STYLE = Automatic;
				CURRENT_PROJECT_VERSION = 1;
				GENERATE_INFOPLIST_FILE = YES;
				IPHONEOS_DEPLOYMENT_TARGET = 17.0;
				MARKETING_VERSION = 1.0;
				PRODUCT_BUNDLE_IDENTIFIER = TimBulokhov.CounterTests;
				PRODUCT_NAME = "$(TARGET_NAME)";
				SWIFT_EMIT_LOC_STRINGS = NO;
				SWIFT_VERSION = 5.0;
				TARGETED_DEVICE_FAMILY = "1,2";
				TEST_HOST = "$(BUILT_PRODUCTS_DIR)/Counter.app/$(BUNDLE_EXECUTABLE_FOLDER_PATH)/Counter";
			};
			name = Debug;
		};
		12BF64202AE04ACF008AB07B /* Release */ = {
			isa = XCBuildConfiguration;
			buildSettings = {
				ALWAYS_EMBED_SWIFT_STANDARD_LIBRARIES = YES;
				BUNDLE_LOADER = "$(TEST_HOST)";
				CODE_SIGN_STYLE = Automatic;
				CURRENT_PROJECT_VERSION = 1;
				GENERATE_INFOPLIST_FILE = YES;
				IPHONEOS_DEPLOYMENT_TARGET = 17.0;
				MARKETING_VERSION = 1.0;
				PRODUCT_BUNDLE_IDENTIFIER = TimBulokhov.CounterTests;
				PRODUCT_NAME = "$(TARGET_NAME)";
				SWIFT_EMIT_LOC_STRINGS = NO;
				SWIFT_VERSION = 5.0;
				TARGETED_DEVICE_FAMILY = "1,2";
				TEST_HOST = "$(BUILT_PRODUCTS_DIR)/Counter.app/$(BUNDLE_EXECUTABLE_FOLDER_PATH)/Counter";
			};
			name = Release;
		};
		12BF64222AE04ACF008AB07B /* Debug */ = {
			isa = XCBuildConfiguration;
			buildSettings = {
				ALWAYS_EMBED_SWIFT_STANDARD_LIBRARIES = YES;
				CODE_SIGN_STYLE = Automatic;
				CURRENT_PROJECT_VERSION = 1;
				GENERATE_INFOPLIST_FILE = YES;
				MARKETING_VERSION = 1.0;
				PRODUCT_BUNDLE_IDENTIFIER = TimBulokhov.CounterUITests;
				PRODUCT_NAME = "$(TARGET_NAME)";
				SWIFT_EMIT_LOC_STRINGS = NO;
				SWIFT_VERSION = 5.0;
				TARGETED_DEVICE_FAMILY = "1,2";
				TEST_TARGET_NAME = Counter;
			};
			name = Debug;
		};
		12BF64232AE04ACF008AB07B /* Release */ = {
			isa = XCBuildConfiguration;
			buildSettings = {
				ALWAYS_EMBED_SWIFT_STANDARD_LIBRARIES = YES;
				CODE_SIGN_STYLE = Automatic;
				CURRENT_PROJECT_VERSION = 1;
				GENERATE_INFOPLIST_FILE = YES;
				MARKETING_VERSION = 1.0;
				PRODUCT_BUNDLE_IDENTIFIER = TimBulokhov.CounterUITests;
				PRODUCT_NAME = "$(TARGET_NAME)";
				SWIFT_EMIT_LOC_STRINGS = NO;
				SWIFT_VERSION = 5.0;
				TARGETED_DEVICE_FAMILY = "1,2";
				TEST_TARGET_NAME = Counter;
			};
			name = Release;
		};
/* End XCBuildConfiguration section */

/* Begin XCConfigurationList section */
		12BF63EC2AE04ACE008AB07B /* Build configuration list for PBXProject "Counter" */ = {
			isa = XCConfigurationList;
			buildConfigurations = (
				12BF64192AE04ACF008AB07B /* Debug */,
				12BF641A2AE04ACF008AB07B /* Release */,
			);
			defaultConfigurationIsVisible = 0;
			defaultConfigurationName = Release;
		};
		12BF641B2AE04ACF008AB07B /* Build configuration list for PBXNativeTarget "Counter" */ = {
			isa = XCConfigurationList;
			buildConfigurations = (
				12BF641C2AE04ACF008AB07B /* Debug */,
				12BF641D2AE04ACF008AB07B /* Release */,
			);
			defaultConfigurationIsVisible = 0;
			defaultConfigurationName = Release;
		};
		12BF641E2AE04ACF008AB07B /* Build configuration list for PBXNativeTarget "CounterTests" */ = {
			isa = XCConfigurationList;
			buildConfigurations = (
				12BF641F2AE04ACF008AB07B /* Debug */,
				12BF64202AE04ACF008AB07B /* Release */,
			);
			defaultConfigurationIsVisible = 0;
			defaultConfigurationName = Release;
		};
		12BF64212AE04ACF008AB07B /* Build configuration list for PBXNativeTarget "CounterUITests" */ = {
			isa = XCConfigurationList;
			buildConfigurations = (
				12BF64222AE04ACF008AB07B /* Debug */,
				12BF64232AE04ACF008AB07B /* Release */,
			);
			defaultConfigurationIsVisible = 0;
			defaultConfigurationName = Release;
		};
/* End XCConfigurationList section */
	};
	rootObject = 12BF63E92AE04ACE008AB07B /* Project object */;
}
